{
  "version": 4,
  "terraform_version": "1.12.2",
  "serial": 10,
  "lineage": "3557c681-f544-a336-a689-6099499a2533",
  "outputs": {},
  "resources": [
    {
      "mode": "data",
      "type": "yandex_compute_image",
      "name": "os",
      "provider": "provider[\"registry.terraform.io/yandex-cloud/yandex\"]",
      "instances": [
        {
          "schema_version": 0,
          "attributes": {
            "created_at": "2026-05-11T11:17:37Z",
            "description": "Centos 9 Stream",
            "family": "centos-stream-9-oslogin",
            "folder_id": "standard-images",
            "hardware_generation": [
              {
                "generation2_features": [],
                "legacy_features": [
                  {
                    "pci_topology": "PCI_TOPOLOGY_V2"
                  }
                ]
              }
            ],
            "id": "fd8f0g859qqdsgj17m78",
            "image_id": "fd8f0g859qqdsgj17m78",
            "kms_key_id": null,
            "labels": {},
            "min_disk_size": 10,
            "name": "centos-stream-9-v20260511",
            "os_type": "linux",
            "pooled": true,
            "product_ids": [
              "f2e4hpaktnrn3u8chfk1"
            ],
            "size": 2,
            "status": "ready"
          },
          "sensitive_attributes": [],
          "identity_schema_version": 0
        }
      ]
    },
    {
      "mode": "managed",
      "type": "local_file",
      "name": "private_key",
      "provider": "provider[\"registry.terraform.io/hashicorp/local\"]",
      "instances": [
        {
          "schema_version": 0,
          "attributes": {
            "content": "-----BEGIN OPENSSH PRIVATE KEY-----\nb3BlbnNzaC1rZXktdjEAAAAABG5vbmUAAAAEbm9uZQAAAAAAAAABAAAAMwAAAAtz\nc2gtZWQyNTUxOQAAACCqmzMQh+kOT2DVeCotE24SEgF4VY1Fji3YvLOrM1au1QAA\nAIiarPxRmqz8UQAAAAtzc2gtZWQyNTUxOQAAACCqmzMQh+kOT2DVeCotE24SEgF4\nVY1Fji3YvLOrM1au1QAAAECgqoRrnD1DviwLe3qZXfPV1n4/Jzq/o08wwV5Wl0AG\nWKqbMxCH6Q5PYNV4Ki0TbhISAXhVjUWOLdi8s6szVq7VAAAAAAECAwQF\n-----END OPENSSH PRIVATE KEY-----\n",
            "content_base64": null,
            "content_base64sha256": "/ZyIxd+775+ioGB52qMptkFHVusMGQ4kDvNXXH7q0NU=",
            "content_base64sha512": "rboqlLhbb4Ct83SWQcK+rrASZGURyT5be3FEYhZ8td4fDC6KgDIShhnuMKOAjnGmpmSW6veiTk+XNucFE5VBhA==",
            "content_md5": "86ec60abfc15e6ea24a26449300f9023",
            "content_sha1": "8cf2482d20197c91376a2dcf00640c3f70613107",
            "content_sha256": "fd9c88c5dfbbef9fa2a06079daa329b6414756eb0c190e240ef3575c7eead0d5",
            "content_sha512": "adba2a94b85b6f80adf3749641c2beaeb012646511c93e5b7b714462167cb5de1f0c2e8a8032128619ee30a3808e71a6a66496eaf7a24e4f9736e70513954184",
            "directory_permission": "0777",
            "file_permission": "0600",
            "filename": "./../ssh/cloud-zayac-05-2026",
            "id": "8cf2482d20197c91376a2dcf00640c3f70613107",
            "sensitive_content": null,
            "source": null
          },
          "sensitive_attributes": [
            [
              {
                "type": "get_attr",
                "value": "content"
              }
            ],
            [
              {
                "type": "get_attr",
                "value": "sensitive_content"
              }
            ]
          ],
          "identity_schema_version": 0,
          "dependencies": [
            "tls_private_key.ssh"
          ]
        }
      ]
    },
    {
      "mode": "managed",
      "type": "local_file",
      "name": "public_key",
      "provider": "provider[\"registry.terraform.io/hashicorp/local\"]",
      "instances": [
        {
          "schema_version": 0,
          "attributes": {
            "content": "ssh-ed25519 AAAAC3NzaC1lZDI1NTE5AAAAIKqbMxCH6Q5PYNV4Ki0TbhISAXhVjUWOLdi8s6szVq7V\n",
            "content_base64": null,
            "content_base64sha256": "YGaid6W0HFs6jVlgFrzD2QRhcvPdhAlwPz7AL4B5EWY=",
            "content_base64sha512": "tSpyz19U9VRhMGb7yxj1+VYO2U73I6pIHj15Lhv8bjFiaKiBRBSWWF8G3OvQb9OhAhfeUJNK9pNOt5pKCxi1qQ==",
            "content_md5": "8a786cf5b2735867f898334104c80aa1",
            "content_sha1": "f04d3a2cec67e215b23fe91e2663a80c856d3117",
            "content_sha256": "6066a277a5b41c5b3a8d596016bcc3d9046172f3dd8409703f3ec02f80791166",
            "content_sha512": "b52a72cf5f54f554613066fbcb18f5f9560ed94ef723aa481e3d792e1bfc6e316268a881441496585f06dcebd06fd3a10217de50934af6934eb79a4a0b18b5a9",
            "directory_permission": "0777",
            "file_permission": "0644",
            "filename": "./../ssh/cloud-zayac-05-2026.pub",
            "id": "f04d3a2cec67e215b23fe91e2663a80c856d3117",
            "sensitive_content": null,
            "source": null
          },
          "sensitive_attributes": [
            [
              {
                "type": "get_attr",
                "value": "sensitive_content"
              }
            ]
          ],
          "identity_schema_version": 0,
          "dependencies": [
            "tls_private_key.ssh"
          ]
        }
      ]
    },
    {
      "mode": "managed",
      "type": "tls_private_key",
      "name": "ssh",
      "provider": "provider[\"registry.terraform.io/hashicorp/tls\"]",
      "instances": [
        {
          "schema_version": 1,
          "attributes": {
            "algorithm": "ED25519",
            "ecdsa_curve": "P224",
            "id": "fa09843f4f8807cdf152380ef53bd00aeea84764",
            "private_key_openssh": "-----BEGIN OPENSSH PRIVATE KEY-----\nb3BlbnNzaC1rZXktdjEAAAAABG5vbmUAAAAEbm9uZQAAAAAAAAABAAAAMwAAAAtz\nc2gtZWQyNTUxOQAAACCqmzMQh+kOT2DVeCotE24SEgF4VY1Fji3YvLOrM1au1QAA\nAIiarPxRmqz8UQAAAAtzc2gtZWQyNTUxOQAAACCqmzMQh+kOT2DVeCotE24SEgF4\nVY1Fji3YvLOrM1au1QAAAECgqoRrnD1DviwLe3qZXfPV1n4/Jzq/o08wwV5Wl0AG\nWKqbMxCH6Q5PYNV4Ki0TbhISAXhVjUWOLdi8s6szVq7VAAAAAAECAwQF\n-----END OPENSSH PRIVATE KEY-----\n",
            "private_key_pem": "-----BEGIN PRIVATE KEY-----\nMC4CAQAwBQYDK2VwBCIEIKCqhGucPUO+LAt7epld89XWfj8nOr+jTzDBXlaXQAZY\n-----END PRIVATE KEY-----\n",
            "private_key_pem_pkcs8": "-----BEGIN PRIVATE KEY-----\nMC4CAQAwBQYDK2VwBCIEIKCqhGucPUO+LAt7epld89XWfj8nOr+jTzDBXlaXQAZY\n-----END PRIVATE KEY-----\n",
            "public_key_fingerprint_md5": "53:2f:a4:02:5c:5b:d8:70:5b:8d:cc:4a:63:9d:ab:5e",
            "public_key_fingerprint_sha256": "SHA256:RcgjF5SfwYY6P0nlJvAG5arFMnuAEXT7HHMONn7yz1c",
            "public_key_openssh": "ssh-ed25519 AAAAC3NzaC1lZDI1NTE5AAAAIKqbMxCH6Q5PYNV4Ki0TbhISAXhVjUWOLdi8s6szVq7V\n",
            "public_key_pem": "-----BEGIN PUBLIC KEY-----\nMCowBQYDK2VwAyEAqpszEIfpDk9g1XgqLRNuEhIBeFWNRY4t2LyzqzNWrtU=\n-----END PUBLIC KEY-----\n",
            "rsa_bits": 2048
          },
          "sensitive_attributes": [
            [
              {
                "type": "get_attr",
                "value": "private_key_openssh"
              }
            ],
            [
              {
                "type": "get_attr",
                "value": "private_key_pem"
              }
            ],
            [
              {
                "type": "get_attr",
                "value": "private_key_pem_pkcs8"
              }
            ]
          ],
          "identity_schema_version": 0
        }
      ]
    },
    {
      "mode": "managed",
      "type": "yandex_compute_instance",
      "name": "vm_ansible_test",
      "provider": "provider[\"registry.terraform.io/yandex-cloud/yandex\"]",
      "instances": [
        {
          "schema_version": 1,
          "attributes": {
            "allow_recreate": null,
            "allow_stopping_for_update": null,
            "boot_disk": [
              {
                "auto_delete": true,
                "device_name": "fhm6f7o0v1bi4tsktjfk",
                "disk_id": "fhm6f7o0v1bi4tsktjfk",
                "initialize_params": [
                  {
                    "block_size": 4096,
                    "description": "",
                    "image_id": "fd8f0g859qqdsgj17m78",
                    "kms_key_id": "",
                    "name": "",
                    "size": 30,
                    "snapshot_id": "",
                    "type": "network-hdd"
                  }
                ],
                "mode": "READ_WRITE"
              }
            ],
            "created_at": "2026-05-11T15:24:39Z",
            "description": "",
            "filesystem": [],
            "folder_id": "b1gb00710li9ve0ujpkm",
            "fqdn": "vm-ansible-test.ru-central1.internal",
            "gpu_cluster_id": "",
            "hardware_generation": [
              {
                "generation2_features": [],
                "legacy_features": [
                  {
                    "pci_topology": "PCI_TOPOLOGY_V2"
                  }
                ]
              }
            ],
            "hostname": "vm-ansible-test",
            "id": "fhmmmb4gp79od9etgf28",
            "labels": null,
            "local_disk": [],
            "maintenance_grace_period": "",
            "maintenance_policy": null,
            "metadata": {
              "serial-port-enable": "1",
              "user-data": "#cloud-config\n\ndatasource:\n  Ec2:\n    strict_id: false\n\nssh_pwauth: no\n\nusers:\n  - name: localadmin\n    sudo: ALL=(ALL) NOPASSWD:ALL\n    shell: /bin/bash\n    ssh_authorized_keys:\n      - ssh-ed25519 AAAAC3NzaC1lZDI1NTE5AAAAIKqbMxCH6Q5PYNV4Ki0TbhISAXhVjUWOLdi8s6szVq7V\n\n\npackage_update: true\npackage_upgrade: true"
            },
            "metadata_options": [
              {
                "aws_v1_http_endpoint": 1,
                "aws_v1_http_token": 2,
                "gce_http_endpoint": 1,
                "gce_http_token": 1
              }
            ],
            "name": "vm-ansible-test",
            "network_acceleration_type": "standard",
            "network_interface": [
              {
                "dns_record": [],
                "index": 0,
                "ip_address": "10.10.1.16",
                "ipv4": true,
                "ipv6": false,
                "ipv6_address": "",
                "ipv6_dns_record": [],
                "mac_address": "d0:0d:16:b2:c9:0c",
                "nat": true,
                "nat_dns_record": [],
                "nat_ip_address": "111.88.246.158",
                "nat_ip_version": "IPV4",
                "security_group_ids": [
                  "enpgv8d1u10jsls83pbq"
                ],
                "subnet_id": "e9b7lqi8ljdc8vmhnta0"
              }
            ],
            "placement_policy": [
              {
                "host_affinity_rules": [],
                "placement_group_id": "",
                "placement_group_partition": 0
              }
            ],
            "platform_id": "standard-v3",
            "resources": [
              {
                "core_fraction": 20,
                "cores": 4,
                "gpus": 0,
                "memory": 4
              }
            ],
            "scheduling_policy": [
              {
                "preemptible": true
              }
            ],
            "secondary_disk": [],
            "service_account_id": "",
            "status": "running",
            "timeouts": null,
            "zone": "ru-central1-a"
          },
          "sensitive_attributes": [],
          "identity_schema_version": 0,
          "private": "eyJlMmJmYjczMC1lY2FhLTExZTYtOGY4OC0zNDM2M2JjN2M0YzAiOnsiY3JlYXRlIjozMDAwMDAwMDAwMDAsImRlbGV0ZSI6MzAwMDAwMDAwMDAwLCJ1cGRhdGUiOjMwMDAwMDAwMDAwMH0sInNjaGVtYV92ZXJzaW9uIjoiMSJ9",
          "dependencies": [
            "data.yandex_compute_image.os",
            "tls_private_key.ssh",
            "yandex_vpc_gateway.nat_gateway",
            "yandex_vpc_network.develop",
            "yandex_vpc_route_table.public_rt",
            "yandex_vpc_security_group.docker_sg",
            "yandex_vpc_subnet.subnet_a"
          ]
        }
      ]
    },
    {
      "mode": "managed",
      "type": "yandex_vpc_gateway",
      "name": "nat_gateway",
      "provider": "provider[\"registry.terraform.io/yandex-cloud/yandex\"]",
      "instances": [
        {
          "schema_version": 0,
          "attributes": {
            "created_at": "2026-05-11T15:24:34Z",
            "description": "",
            "folder_id": "b1gb00710li9ve0ujpkm",
            "id": "enpkq1hcp121r8fhjo6a",
            "labels": {},
            "name": "fops-gateway-zayac-05-2026",
            "shared_egress_gateway": [
              {}
            ],
            "timeouts": null
          },
          "sensitive_attributes": [],
          "identity_schema_version": 0,
          "private": "eyJlMmJmYjczMC1lY2FhLTExZTYtOGY4OC0zNDM2M2JjN2M0YzAiOnsiY3JlYXRlIjo2MDAwMDAwMDAwMCwiZGVsZXRlIjo2MDAwMDAwMDAwMCwidXBkYXRlIjo2MDAwMDAwMDAwMH19"
        }
      ]
    },
    {
      "mode": "managed",
      "type": "yandex_vpc_network",
      "name": "develop",
      "provider": "provider[\"registry.terraform.io/yandex-cloud/yandex\"]",
      "instances": [
        {
          "schema_version": 0,
          "attributes": {
            "created_at": "2026-05-11T15:24:34Z",
            "default_security_group_id": "enpj9fso09gaepnink64",
            "description": "",
            "folder_id": "b1gb00710li9ve0ujpkm",
            "id": "enpk2lmp2r4akqar9iqf",
            "labels": {},
            "name": "develop-fops-zayac-05-2026",
            "subnet_ids": [],
            "timeouts": null
          },
          "sensitive_attributes": [],
          "identity_schema_version": 0,
          "private": "eyJlMmJmYjczMC1lY2FhLTExZTYtOGY4OC0zNDM2M2JjN2M0YzAiOnsiY3JlYXRlIjo2MDAwMDAwMDAwMCwiZGVsZXRlIjo2MDAwMDAwMDAwMCwidXBkYXRlIjo2MDAwMDAwMDAwMH19"
        }
      ]
    },
    {
      "mode": "managed",
      "type": "yandex_vpc_route_table",
      "name": "public_rt",
      "provider": "provider[\"registry.terraform.io/yandex-cloud/yandex\"]",
      "instances": [
        {
          "schema_version": 0,
          "attributes": {
            "created_at": "2026-05-11T15:24:36Z",
            "description": "",
            "folder_id": "b1gb00710li9ve0ujpkm",
            "id": "enpafjt254ev171u11s9",
            "labels": {},
            "name": "public-route-table-zayac-05-2026",
            "network_id": "enpk2lmp2r4akqar9iqf",
            "static_route": [
              {
                "destination_prefix": "0.0.0.0/0",
                "gateway_id": "enpkq1hcp121r8fhjo6a",
                "next_hop_address": ""
              }
            ],
            "timeouts": null
          },
          "sensitive_attributes": [],
          "identity_schema_version": 0,
          "private": "eyJlMmJmYjczMC1lY2FhLTExZTYtOGY4OC0zNDM2M2JjN2M0YzAiOnsiY3JlYXRlIjoxODAwMDAwMDAwMDAsImRlbGV0ZSI6MTgwMDAwMDAwMDAwLCJ1cGRhdGUiOjE4MDAwMDAwMDAwMH19",
          "dependencies": [
            "yandex_vpc_gateway.nat_gateway",
            "yandex_vpc_network.develop"
          ]
        }
      ]
    },
    {
      "mode": "managed",
      "type": "yandex_vpc_security_group",
      "name": "docker_sg",
      "provider": "provider[\"registry.terraform.io/yandex-cloud/yandex\"]",
      "instances": [
        {
          "schema_version": 0,
          "attributes": {
            "created_at": "2026-05-11T15:24:38Z",
            "description": "",
            "egress": [
              {
                "description": "Any outgoing",
                "from_port": 0,
                "id": "enpl7d3gu7j4vc5pmop2",
                "labels": {},
                "port": -1,
                "predefined_target": "",
                "protocol": "ANY",
                "security_group_id": "",
                "to_port": 65535,
                "v4_cidr_blocks": [
                  "0.0.0.0/0"
                ],
                "v6_cidr_blocks": []
              }
            ],
            "folder_id": "b1gb00710li9ve0ujpkm",
            "id": "enpgv8d1u10jsls83pbq",
            "ingress": [
              {
                "description": "Any incoming",
                "from_port": 0,
                "id": "enpoqnhj9ienu1s6ofli",
                "labels": {},
                "port": -1,
                "predefined_target": "",
                "protocol": "ANY",
                "security_group_id": "",
                "to_port": 65535,
                "v4_cidr_blocks": [
                  "0.0.0.0/0"
                ],
                "v6_cidr_blocks": []
              }
            ],
            "labels": {},
            "name": "docker-sg-zayac-05-2026",
            "network_id": "enpk2lmp2r4akqar9iqf",
            "status": "ACTIVE",
            "timeouts": null
          },
          "sensitive_attributes": [],
          "identity_schema_version": 0,
          "private": "eyJlMmJmYjczMC1lY2FhLTExZTYtOGY4OC0zNDM2M2JjN2M0YzAiOnsiY3JlYXRlIjoxODAwMDAwMDAwMDAsImRlbGV0ZSI6MTgwMDAwMDAwMDAwLCJ1cGRhdGUiOjE4MDAwMDAwMDAwMH19",
          "dependencies": [
            "yandex_vpc_network.develop"
          ]
        }
      ]
    },
    {
      "mode": "managed",
      "type": "yandex_vpc_subnet",
      "name": "subnet_a",
      "provider": "provider[\"registry.terraform.io/yandex-cloud/yandex\"]",
      "instances": [
        {
          "schema_version": 0,
          "attributes": {
            "created_at": "2026-05-11T15:24:37Z",
            "description": "",
            "dhcp_options": [],
            "folder_id": "b1gb00710li9ve0ujpkm",
            "id": "e9b7lqi8ljdc8vmhnta0",
            "labels": {},
            "name": "subnet-zayac-05-2026-ru-central1-a",
            "network_id": "enpk2lmp2r4akqar9iqf",
            "route_table_id": "enpafjt254ev171u11s9",
            "timeouts": null,
            "v4_cidr_blocks": [
              "10.10.1.0/24"
            ],
            "v6_cidr_blocks": [],
            "zone": "ru-central1-a"
          },
          "sensitive_attributes": [],
          "identity_schema_version": 0,
          "private": "eyJlMmJmYjczMC1lY2FhLTExZTYtOGY4OC0zNDM2M2JjN2M0YzAiOnsiY3JlYXRlIjoxODAwMDAwMDAwMDAsImRlbGV0ZSI6MTgwMDAwMDAwMDAwLCJ1cGRhdGUiOjE4MDAwMDAwMDAwMH19",
          "dependencies": [
            "yandex_vpc_gateway.nat_gateway",
            "yandex_vpc_network.develop",
            "yandex_vpc_route_table.public_rt"
          ]
        }
      ]
    }
  ],
  "check_results": null
}
