{
  "version": 4,
  "terraform_version": "1.12.2",
  "serial": 31,
  "lineage": "3557c681-f544-a336-a689-6099499a2533",
  "outputs": {},
  "resources": [
    {
      "mode": "data",
      "type": "yandex_compute_image",
      "name": "os",
      "provider": "provider[\"registry.terraform.io/yandex-cloud/yandex\"]",
      "instances": [
        {
          "schema_version": 0,
          "attributes": {
            "created_at": "2026-05-11T11:17:37Z",
            "description": "Centos 9 Stream",
            "family": "centos-stream-9-oslogin",
            "folder_id": "standard-images",
            "hardware_generation": [
              {
                "generation2_features": [],
                "legacy_features": [
                  {
                    "pci_topology": "PCI_TOPOLOGY_V2"
                  }
                ]
              }
            ],
            "id": "fd8f0g859qqdsgj17m78",
            "image_id": "fd8f0g859qqdsgj17m78",
            "kms_key_id": null,
            "labels": {},
            "min_disk_size": 10,
            "name": "centos-stream-9-v20260511",
            "os_type": "linux",
            "pooled": true,
            "product_ids": [
              "f2e4hpaktnrn3u8chfk1"
            ],
            "size": 2,
            "status": "ready"
          },
          "sensitive_attributes": [],
          "identity_schema_version": 0
        }
      ]
    },
    {
      "mode": "managed",
      "type": "local_file",
      "name": "private_key",
      "provider": "provider[\"registry.terraform.io/hashicorp/local\"]",
      "instances": [
        {
          "schema_version": 0,
          "attributes": {
            "content": "-----BEGIN OPENSSH PRIVATE KEY-----\nb3BlbnNzaC1rZXktdjEAAAAABG5vbmUAAAAEbm9uZQAAAAAAAAABAAAAMwAAAAtz\nc2gtZWQyNTUxOQAAACBebvitIW9AjDE9yZm10QKbZIyRMEkHaDJegmaLVqt+fwAA\nAIgcqd6DHKnegwAAAAtzc2gtZWQyNTUxOQAAACBebvitIW9AjDE9yZm10QKbZIyR\nMEkHaDJegmaLVqt+fwAAAECSlWA1QFNHAmNdAB1yMKv0WzVhu5gGlWbcwW6x+ZcG\nBV5u+K0hb0CMMT3JmbXRAptkjJEwSQdoMl6CZotWq35/AAAAAAECAwQF\n-----END OPENSSH PRIVATE KEY-----\n",
            "content_base64": null,
            "content_base64sha256": "LTB9OK5XW2dfHY2nFYqW+FLVc1u1xTeEXx1IvGlPoEE=",
            "content_base64sha512": "vdzpurIIyn0MfgNh2jerecs9OUqtzJoPOd6kjtNYCjp/GCAqatYPrMzki5JuI/SEh7aJg3n9ZIRx3VgiKFmT4w==",
            "content_md5": "ce485367e59d221cbbe03ba5af6d4b0c",
            "content_sha1": "42b2dde706d619ffcbb73395e4a110f9b613d902",
            "content_sha256": "2d307d38ae575b675f1d8da7158a96f852d5735bb5c537845f1d48bc694fa041",
            "content_sha512": "bddce9bab208ca7d0c7e0361da37ab79cb3d394aadcc9a0f39dea48ed3580a3a7f18202a6ad60faccce48b926e23f48487b6898379fd648471dd5822285993e3",
            "directory_permission": "0777",
            "file_permission": "0600",
            "filename": "./../ssh/cloud-zayac-05-2026",
            "id": "42b2dde706d619ffcbb73395e4a110f9b613d902",
            "sensitive_content": null,
            "source": null
          },
          "sensitive_attributes": [
            [
              {
                "type": "get_attr",
                "value": "content"
              }
            ],
            [
              {
                "type": "get_attr",
                "value": "sensitive_content"
              }
            ]
          ],
          "identity_schema_version": 0,
          "dependencies": [
            "tls_private_key.ssh"
          ]
        }
      ]
    },
    {
      "mode": "managed",
      "type": "local_file",
      "name": "public_key",
      "provider": "provider[\"registry.terraform.io/hashicorp/local\"]",
      "instances": [
        {
          "schema_version": 0,
          "attributes": {
            "content": "ssh-ed25519 AAAAC3NzaC1lZDI1NTE5AAAAIF5u+K0hb0CMMT3JmbXRAptkjJEwSQdoMl6CZotWq35/\n",
            "content_base64": null,
            "content_base64sha256": "fxWKpOXXPWkXmcTue+cl++5ko3Udlz8E6LKRx9yjbcQ=",
            "content_base64sha512": "Aw4bREXd96IkfC4Vvp/ne5sj3jUFLNLYzB/AqKXo6lmO7nTLJ/bAXvx7GvBfO0YcP3As0o7SdNxMBHKdjkl3eQ==",
            "content_md5": "c0d56ef2f92693935e057268885a18aa",
            "content_sha1": "549a2bcaffa1310f8cb2d6be2cf47c9bff4dc014",
            "content_sha256": "7f158aa4e5d73d691799c4ee7be725fbee64a3751d973f04e8b291c7dca36dc4",
            "content_sha512": "030e1b4445ddf7a2247c2e15be9fe77b9b23de35052cd2d8cc1fc0a8a5e8ea598eee74cb27f6c05efc7b1af05f3b461c3f702cd28ed274dc4c04729d8e497779",
            "directory_permission": "0777",
            "file_permission": "0644",
            "filename": "./../ssh/cloud-zayac-05-2026.pub",
            "id": "549a2bcaffa1310f8cb2d6be2cf47c9bff4dc014",
            "sensitive_content": null,
            "source": null
          },
          "sensitive_attributes": [
            [
              {
                "type": "get_attr",
                "value": "sensitive_content"
              }
            ]
          ],
          "identity_schema_version": 0,
          "dependencies": [
            "tls_private_key.ssh"
          ]
        }
      ]
    },
    {
      "mode": "managed",
      "type": "tls_private_key",
      "name": "ssh",
      "provider": "provider[\"registry.terraform.io/hashicorp/tls\"]",
      "instances": [
        {
          "schema_version": 1,
          "attributes": {
            "algorithm": "ED25519",
            "ecdsa_curve": "P224",
            "id": "502bcbaa5f1c53db14b4d8d2b7475cd3ee7ebd06",
            "private_key_openssh": "-----BEGIN OPENSSH PRIVATE KEY-----\nb3BlbnNzaC1rZXktdjEAAAAABG5vbmUAAAAEbm9uZQAAAAAAAAABAAAAMwAAAAtz\nc2gtZWQyNTUxOQAAACBebvitIW9AjDE9yZm10QKbZIyRMEkHaDJegmaLVqt+fwAA\nAIgcqd6DHKnegwAAAAtzc2gtZWQyNTUxOQAAACBebvitIW9AjDE9yZm10QKbZIyR\nMEkHaDJegmaLVqt+fwAAAECSlWA1QFNHAmNdAB1yMKv0WzVhu5gGlWbcwW6x+ZcG\nBV5u+K0hb0CMMT3JmbXRAptkjJEwSQdoMl6CZotWq35/AAAAAAECAwQF\n-----END OPENSSH PRIVATE KEY-----\n",
            "private_key_pem": "-----BEGIN PRIVATE KEY-----\nMC4CAQAwBQYDK2VwBCIEIJKVYDVAU0cCY10AHXIwq/RbNWG7mAaVZtzBbrH5lwYF\n-----END PRIVATE KEY-----\n",
            "private_key_pem_pkcs8": "-----BEGIN PRIVATE KEY-----\nMC4CAQAwBQYDK2VwBCIEIJKVYDVAU0cCY10AHXIwq/RbNWG7mAaVZtzBbrH5lwYF\n-----END PRIVATE KEY-----\n",
            "public_key_fingerprint_md5": "19:4d:cf:60:05:a4:ea:6a:1c:f7:57:05:7d:ce:96:b7",
            "public_key_fingerprint_sha256": "SHA256:BHv0vx/AGLdLkqP+otqvy26tGYEP8BMcSADujhoHa9E",
            "public_key_openssh": "ssh-ed25519 AAAAC3NzaC1lZDI1NTE5AAAAIF5u+K0hb0CMMT3JmbXRAptkjJEwSQdoMl6CZotWq35/\n",
            "public_key_pem": "-----BEGIN PUBLIC KEY-----\nMCowBQYDK2VwAyEAXm74rSFvQIwxPcmZtdECm2SMkTBJB2gyXoJmi1arfn8=\n-----END PUBLIC KEY-----\n",
            "rsa_bits": 2048
          },
          "sensitive_attributes": [
            [
              {
                "type": "get_attr",
                "value": "private_key_openssh"
              }
            ],
            [
              {
                "type": "get_attr",
                "value": "private_key_pem"
              }
            ],
            [
              {
                "type": "get_attr",
                "value": "private_key_pem_pkcs8"
              }
            ]
          ],
          "identity_schema_version": 0
        }
      ]
    },
    {
      "mode": "managed",
      "type": "yandex_compute_instance",
      "name": "vm_ansible_test",
      "provider": "provider[\"registry.terraform.io/yandex-cloud/yandex\"]",
      "instances": [
        {
          "schema_version": 1,
          "attributes": {
            "allow_recreate": null,
            "allow_stopping_for_update": null,
            "boot_disk": [
              {
                "auto_delete": true,
                "device_name": "fhmce1mof17khf9lervl",
                "disk_id": "fhmce1mof17khf9lervl",
                "initialize_params": [
                  {
                    "block_size": 4096,
                    "description": "",
                    "image_id": "fd8f0g859qqdsgj17m78",
                    "kms_key_id": "",
                    "name": "",
                    "size": 30,
                    "snapshot_id": "",
                    "type": "network-hdd"
                  }
                ],
                "mode": "READ_WRITE"
              }
            ],
            "created_at": "2026-05-11T17:49:18Z",
            "description": "",
            "filesystem": [],
            "folder_id": "b1gb00710li9ve0ujpkm",
            "fqdn": "vm-ansible-test.ru-central1.internal",
            "gpu_cluster_id": "",
            "hardware_generation": [
              {
                "generation2_features": [],
                "legacy_features": [
                  {
                    "pci_topology": "PCI_TOPOLOGY_V2"
                  }
                ]
              }
            ],
            "hostname": "vm-ansible-test",
            "id": "fhmot6ufsh9iuv1869kn",
            "labels": null,
            "local_disk": [],
            "maintenance_grace_period": "",
            "maintenance_policy": null,
            "metadata": {
              "serial-port-enable": "1",
              "user-data": "#cloud-config\n\ndatasource:\n  Ec2:\n    strict_id: false\n\nssh_pwauth: no\n\nusers:\n  - name: localadmin\n    sudo: ALL=(ALL) NOPASSWD:ALL\n    shell: /bin/bash\n    ssh_authorized_keys:\n      - ssh-ed25519 AAAAC3NzaC1lZDI1NTE5AAAAIF5u+K0hb0CMMT3JmbXRAptkjJEwSQdoMl6CZotWq35/\n\n\npackage_update: true\npackage_upgrade: true"
            },
            "metadata_options": [
              {
                "aws_v1_http_endpoint": 1,
                "aws_v1_http_token": 2,
                "gce_http_endpoint": 1,
                "gce_http_token": 1
              }
            ],
            "name": "vm-ansible-test",
            "network_acceleration_type": "standard",
            "network_interface": [
              {
                "dns_record": [],
                "index": 0,
                "ip_address": "10.10.1.16",
                "ipv4": true,
                "ipv6": false,
                "ipv6_address": "",
                "ipv6_dns_record": [],
                "mac_address": "d0:0d:18:e9:bc:fe",
                "nat": true,
                "nat_dns_record": [],
                "nat_ip_address": "93.77.178.79",
                "nat_ip_version": "IPV4",
                "security_group_ids": [
                  "enp1dquaqlm9ah5ns28b"
                ],
                "subnet_id": "e9btf7iisu4816ha0he5"
              }
            ],
            "placement_policy": [
              {
                "host_affinity_rules": [],
                "placement_group_id": "",
                "placement_group_partition": 0
              }
            ],
            "platform_id": "standard-v3",
            "resources": [
              {
                "core_fraction": 20,
                "cores": 4,
                "gpus": 0,
                "memory": 4
              }
            ],
            "scheduling_policy": [
              {
                "preemptible": true
              }
            ],
            "secondary_disk": [],
            "service_account_id": "",
            "status": "running",
            "timeouts": null,
            "zone": "ru-central1-a"
          },
          "sensitive_attributes": [],
          "identity_schema_version": 0,
          "private": "eyJlMmJmYjczMC1lY2FhLTExZTYtOGY4OC0zNDM2M2JjN2M0YzAiOnsiY3JlYXRlIjozMDAwMDAwMDAwMDAsImRlbGV0ZSI6MzAwMDAwMDAwMDAwLCJ1cGRhdGUiOjMwMDAwMDAwMDAwMH0sInNjaGVtYV92ZXJzaW9uIjoiMSJ9",
          "dependencies": [
            "data.yandex_compute_image.os",
            "tls_private_key.ssh",
            "yandex_vpc_gateway.nat_gateway",
            "yandex_vpc_network.develop",
            "yandex_vpc_route_table.public_rt",
            "yandex_vpc_security_group.docker_sg",
            "yandex_vpc_subnet.subnet_a"
          ]
        }
      ]
    },
    {
      "mode": "managed",
      "type": "yandex_vpc_gateway",
      "name": "nat_gateway",
      "provider": "provider[\"registry.terraform.io/yandex-cloud/yandex\"]",
      "instances": [
        {
          "schema_version": 0,
          "attributes": {
            "created_at": "2026-05-11T17:49:13Z",
            "description": "",
            "folder_id": "b1gb00710li9ve0ujpkm",
            "id": "enpkq1isjrvdsfvqmm7a",
            "labels": {},
            "name": "fops-gateway-zayac-05-2026",
            "shared_egress_gateway": [
              {}
            ],
            "timeouts": null
          },
          "sensitive_attributes": [],
          "identity_schema_version": 0,
          "private": "eyJlMmJmYjczMC1lY2FhLTExZTYtOGY4OC0zNDM2M2JjN2M0YzAiOnsiY3JlYXRlIjo2MDAwMDAwMDAwMCwiZGVsZXRlIjo2MDAwMDAwMDAwMCwidXBkYXRlIjo2MDAwMDAwMDAwMH19"
        }
      ]
    },
    {
      "mode": "managed",
      "type": "yandex_vpc_network",
      "name": "develop",
      "provider": "provider[\"registry.terraform.io/yandex-cloud/yandex\"]",
      "instances": [
        {
          "schema_version": 0,
          "attributes": {
            "created_at": "2026-05-11T17:49:13Z",
            "default_security_group_id": "enptnphutsmp10fbs7vk",
            "description": "",
            "folder_id": "b1gb00710li9ve0ujpkm",
            "id": "enpoac3hb0hnlbookhbq",
            "labels": {},
            "name": "develop-fops-zayac-05-2026",
            "subnet_ids": [],
            "timeouts": null
          },
          "sensitive_attributes": [],
          "identity_schema_version": 0,
          "private": "eyJlMmJmYjczMC1lY2FhLTExZTYtOGY4OC0zNDM2M2JjN2M0YzAiOnsiY3JlYXRlIjo2MDAwMDAwMDAwMCwiZGVsZXRlIjo2MDAwMDAwMDAwMCwidXBkYXRlIjo2MDAwMDAwMDAwMH19"
        }
      ]
    },
    {
      "mode": "managed",
      "type": "yandex_vpc_route_table",
      "name": "public_rt",
      "provider": "provider[\"registry.terraform.io/yandex-cloud/yandex\"]",
      "instances": [
        {
          "schema_version": 0,
          "attributes": {
            "created_at": "2026-05-11T17:49:15Z",
            "description": "",
            "folder_id": "b1gb00710li9ve0ujpkm",
            "id": "enpn63rpn344qsf5gj1u",
            "labels": {},
            "name": "public-route-table-zayac-05-2026",
            "network_id": "enpoac3hb0hnlbookhbq",
            "static_route": [
              {
                "destination_prefix": "0.0.0.0/0",
                "gateway_id": "enpkq1isjrvdsfvqmm7a",
                "next_hop_address": ""
              }
            ],
            "timeouts": null
          },
          "sensitive_attributes": [],
          "identity_schema_version": 0,
          "private": "eyJlMmJmYjczMC1lY2FhLTExZTYtOGY4OC0zNDM2M2JjN2M0YzAiOnsiY3JlYXRlIjoxODAwMDAwMDAwMDAsImRlbGV0ZSI6MTgwMDAwMDAwMDAwLCJ1cGRhdGUiOjE4MDAwMDAwMDAwMH19",
          "dependencies": [
            "yandex_vpc_gateway.nat_gateway",
            "yandex_vpc_network.develop"
          ]
        }
      ]
    },
    {
      "mode": "managed",
      "type": "yandex_vpc_security_group",
      "name": "docker_sg",
      "provider": "provider[\"registry.terraform.io/yandex-cloud/yandex\"]",
      "instances": [
        {
          "schema_version": 0,
          "attributes": {
            "created_at": "2026-05-11T17:49:17Z",
            "description": "",
            "egress": [
              {
                "description": "Any outgoing",
                "from_port": 0,
                "id": "enpqdmjkiov9clnvguvr",
                "labels": {},
                "port": -1,
                "predefined_target": "",
                "protocol": "ANY",
                "security_group_id": "",
                "to_port": 65535,
                "v4_cidr_blocks": [
                  "0.0.0.0/0"
                ],
                "v6_cidr_blocks": []
              }
            ],
            "folder_id": "b1gb00710li9ve0ujpkm",
            "id": "enp1dquaqlm9ah5ns28b",
            "ingress": [
              {
                "description": "Any incoming",
                "from_port": 0,
                "id": "enp1vebiahcdr0p47nbq",
                "labels": {},
                "port": -1,
                "predefined_target": "",
                "protocol": "ANY",
                "security_group_id": "",
                "to_port": 65535,
                "v4_cidr_blocks": [
                  "0.0.0.0/0"
                ],
                "v6_cidr_blocks": []
              }
            ],
            "labels": {},
            "name": "docker-sg-zayac-05-2026",
            "network_id": "enpoac3hb0hnlbookhbq",
            "status": "ACTIVE",
            "timeouts": null
          },
          "sensitive_attributes": [],
          "identity_schema_version": 0,
          "private": "eyJlMmJmYjczMC1lY2FhLTExZTYtOGY4OC0zNDM2M2JjN2M0YzAiOnsiY3JlYXRlIjoxODAwMDAwMDAwMDAsImRlbGV0ZSI6MTgwMDAwMDAwMDAwLCJ1cGRhdGUiOjE4MDAwMDAwMDAwMH19",
          "dependencies": [
            "yandex_vpc_network.develop"
          ]
        }
      ]
    },
    {
      "mode": "managed",
      "type": "yandex_vpc_subnet",
      "name": "subnet_a",
      "provider": "provider[\"registry.terraform.io/yandex-cloud/yandex\"]",
      "instances": [
        {
          "schema_version": 0,
          "attributes": {
            "created_at": "2026-05-11T17:49:16Z",
            "description": "",
            "dhcp_options": [],
            "folder_id": "b1gb00710li9ve0ujpkm",
            "id": "e9btf7iisu4816ha0he5",
            "labels": {},
            "name": "subnet-zayac-05-2026-ru-central1-a",
            "network_id": "enpoac3hb0hnlbookhbq",
            "route_table_id": "enpn63rpn344qsf5gj1u",
            "timeouts": null,
            "v4_cidr_blocks": [
              "10.10.1.0/24"
            ],
            "v6_cidr_blocks": [],
            "zone": "ru-central1-a"
          },
          "sensitive_attributes": [],
          "identity_schema_version": 0,
          "private": "eyJlMmJmYjczMC1lY2FhLTExZTYtOGY4OC0zNDM2M2JjN2M0YzAiOnsiY3JlYXRlIjoxODAwMDAwMDAwMDAsImRlbGV0ZSI6MTgwMDAwMDAwMDAwLCJ1cGRhdGUiOjE4MDAwMDAwMDAwMH19",
          "dependencies": [
            "yandex_vpc_gateway.nat_gateway",
            "yandex_vpc_network.develop",
            "yandex_vpc_route_table.public_rt"
          ]
        }
      ]
    }
  ],
  "check_results": null
}
