{
  "version": 4,
  "terraform_version": "1.12.2",
  "serial": 37,
  "lineage": "3557c681-f544-a336-a689-6099499a2533",
  "outputs": {},
  "resources": [
    {
      "mode": "managed",
      "type": "yandex_vpc_gateway",
      "name": "nat_gateway",
      "provider": "provider[\"registry.terraform.io/yandex-cloud/yandex\"]",
      "instances": [
        {
          "schema_version": 0,
          "attributes": {
            "created_at": "2026-05-11T17:49:13Z",
            "description": "",
            "folder_id": "b1gb00710li9ve0ujpkm",
            "id": "enpkq1isjrvdsfvqmm7a",
            "labels": {},
            "name": "fops-gateway-zayac-05-2026",
            "shared_egress_gateway": [
              {}
            ],
            "timeouts": null
          },
          "sensitive_attributes": [],
          "identity_schema_version": 0,
          "private": "eyJlMmJmYjczMC1lY2FhLTExZTYtOGY4OC0zNDM2M2JjN2M0YzAiOnsiY3JlYXRlIjo2MDAwMDAwMDAwMCwiZGVsZXRlIjo2MDAwMDAwMDAwMCwidXBkYXRlIjo2MDAwMDAwMDAwMH19"
        }
      ]
    },
    {
      "mode": "managed",
      "type": "yandex_vpc_network",
      "name": "develop",
      "provider": "provider[\"registry.terraform.io/yandex-cloud/yandex\"]",
      "instances": [
        {
          "schema_version": 0,
          "attributes": {
            "created_at": "2026-05-11T17:49:13Z",
            "default_security_group_id": "enptnphutsmp10fbs7vk",
            "description": "",
            "folder_id": "b1gb00710li9ve0ujpkm",
            "id": "enpoac3hb0hnlbookhbq",
            "labels": {},
            "name": "develop-fops-zayac-05-2026",
            "subnet_ids": [
              "e9btf7iisu4816ha0he5"
            ],
            "timeouts": null
          },
          "sensitive_attributes": [],
          "identity_schema_version": 0,
          "private": "eyJlMmJmYjczMC1lY2FhLTExZTYtOGY4OC0zNDM2M2JjN2M0YzAiOnsiY3JlYXRlIjo2MDAwMDAwMDAwMCwiZGVsZXRlIjo2MDAwMDAwMDAwMCwidXBkYXRlIjo2MDAwMDAwMDAwMH19"
        }
      ]
    },
    {
      "mode": "managed",
      "type": "yandex_vpc_route_table",
      "name": "public_rt",
      "provider": "provider[\"registry.terraform.io/yandex-cloud/yandex\"]",
      "instances": [
        {
          "schema_version": 0,
          "attributes": {
            "created_at": "2026-05-11T17:49:15Z",
            "description": "",
            "folder_id": "b1gb00710li9ve0ujpkm",
            "id": "enpn63rpn344qsf5gj1u",
            "labels": {},
            "name": "public-route-table-zayac-05-2026",
            "network_id": "enpoac3hb0hnlbookhbq",
            "static_route": [
              {
                "destination_prefix": "0.0.0.0/0",
                "gateway_id": "enpkq1isjrvdsfvqmm7a",
                "next_hop_address": ""
              }
            ],
            "timeouts": null
          },
          "sensitive_attributes": [],
          "identity_schema_version": 0,
          "private": "eyJlMmJmYjczMC1lY2FhLTExZTYtOGY4OC0zNDM2M2JjN2M0YzAiOnsiY3JlYXRlIjoxODAwMDAwMDAwMDAsImRlbGV0ZSI6MTgwMDAwMDAwMDAwLCJ1cGRhdGUiOjE4MDAwMDAwMDAwMH19",
          "dependencies": [
            "yandex_vpc_gateway.nat_gateway",
            "yandex_vpc_network.develop"
          ]
        }
      ]
    },
    {
      "mode": "managed",
      "type": "yandex_vpc_subnet",
      "name": "subnet_a",
      "provider": "provider[\"registry.terraform.io/yandex-cloud/yandex\"]",
      "instances": [
        {
          "schema_version": 0,
          "attributes": {
            "created_at": "2026-05-11T17:49:16Z",
            "description": "",
            "dhcp_options": [],
            "folder_id": "b1gb00710li9ve0ujpkm",
            "id": "e9btf7iisu4816ha0he5",
            "labels": {},
            "name": "subnet-zayac-05-2026-ru-central1-a",
            "network_id": "enpoac3hb0hnlbookhbq",
            "route_table_id": "enpn63rpn344qsf5gj1u",
            "timeouts": null,
            "v4_cidr_blocks": [
              "10.10.1.0/24"
            ],
            "v6_cidr_blocks": [],
            "zone": "ru-central1-a"
          },
          "sensitive_attributes": [],
          "identity_schema_version": 0,
          "private": "eyJlMmJmYjczMC1lY2FhLTExZTYtOGY4OC0zNDM2M2JjN2M0YzAiOnsiY3JlYXRlIjoxODAwMDAwMDAwMDAsImRlbGV0ZSI6MTgwMDAwMDAwMDAwLCJ1cGRhdGUiOjE4MDAwMDAwMDAwMH19",
          "dependencies": [
            "yandex_vpc_gateway.nat_gateway",
            "yandex_vpc_network.develop",
            "yandex_vpc_route_table.public_rt"
          ]
        }
      ]
    }
  ],
  "check_results": null
}
